
Microsoft Visual Studio Solution File, Format Version 12.00
# Visual Studio Version 17
VisualStudioVersion = 17.9.34607.119
MinimumVisualStudioVersion = 10.0.40219.1
Project("{FAE04EC0-301F-11D3-BF4B-00C04F79EFBC}") = "kullanici_giris", "kullanici_giris\kullanici_giris.csproj", "{88FB5F8D-3913-49DB-91EE-C5CBE237C12C}"
EndProject
Global
	GlobalSection(SolutionConfigurationPlatforms) = preSolution
		Debug|Any CPU = Debug|Any CPU
		Release|Any CPU = Release|Any CPU
	EndGlobalSection
	GlobalSection(ProjectConfigurationPlatforms) = postSolution
		{88FB5F8D-3913-49DB-91EE-C5CBE237C12C}.Debug|Any CPU.ActiveCfg = Debug|Any CPU
		{88FB5F8D-3913-49DB-91EE-C5CBE237C12C}.Debug|Any CPU.Build.0 = Debug|Any CPU
		{88FB5F8D-3913-49DB-91EE-C5CBE237C12C}.Release|Any CPU.ActiveCfg = Release|Any CPU
		{88FB5F8D-3913-49DB-91EE-C5CBE237C12C}.Release|Any CPU.Build.0 = Release|Any CPU
	EndGlobalSection
	GlobalSection(SolutionProperties) = preSolution
		HideSolutionNode = FALSE
	EndGlobalSection
	GlobalSection(ExtensibilityGlobals) = postSolution
		SolutionGuid = {A1DFB53A-DD14-4B43-B6C5-D1BC75DC5EC1}
	EndGlobalSection
EndGlobal
